// !$*UTF8*$!
{
	archiveVersion = 1;
	classes = {
	};
	objectVersion = 46;
	objects = {

/* Begin PBXBuildFile section */
		250067B91DDD14DF0057AEA1 /* WebViewController.m in Sources */ = {isa = PBXBuildFile; fileRef = 250067B81DDD14DF0057AEA1 /* WebViewController.m */; };
		2594FDD71DDCD004008D676D /* main.m in Sources */ = {isa = PBXBuildFile; fileRef = 2594FDD61DDCD004008D676D /* main.m */; };
		2594FDDA1DDCD004008D676D /* AppDelegate.m in Sources */ = {isa = PBXBuildFile; fileRef = 2594FDD91DDCD004008D676D /* AppDelegate.m */; };
		2594FDDD1DDCD004008D676D /* ViewController.m in Sources */ = {isa = PBXBuildFile; fileRef = 2594FDDC1DDCD004008D676D /* ViewController.m */; };
		2594FDE01DDCD004008D676D /* Main.storyboard in Resources */ = {isa = PBXBuildFile; fileRef = 2594FDDE1DDCD004008D676D /* Main.storyboard */; };
		2594FDE21DDCD004008D676D /* Assets.xcassets in Resources */ = {isa = PBXBuildFile; fileRef = 2594FDE11DDCD004008D676D /* Assets.xcassets */; };
		2594FDE51DDCD004008D676D /* LaunchScreen.storyboard in Resources */ = {isa = PBXBuildFile; fileRef = 2594FDE31DDCD004008D676D /* LaunchScreen.storyboard */; };
		2594FDF01DDCD005008D676D /* GeoAddTests.m in Sources */ = {isa = PBXBuildFile; fileRef = 2594FDEF1DDCD005008D676D /* GeoAddTests.m */; };
		2594FDFB1DDCD005008D676D /* GeoAddUITests.m in Sources */ = {isa = PBXBuildFile; fileRef = 2594FDFA1DDCD005008D676D /* GeoAddUITests.m */; };
		2594FE0A1DDCD2F2008D676D /* SimulateViewController.m in Sources */ = {isa = PBXBuildFile; fileRef = 2594FE091DDCD2F2008D676D /* SimulateViewController.m */; };
		2594FE0D1DDCD4C5008D676D /* AddDisplayViewController.m in Sources */ = {isa = PBXBuildFile; fileRef = 2594FE0C1DDCD4C5008D676D /* AddDisplayViewController.m */; };
		25B1C5171DEB7D8A00E8D72D /* PreviewAdViewController.m in Sources */ = {isa = PBXBuildFile; fileRef = 25B1C5161DEB7D8A00E8D72D /* PreviewAdViewController.m */; };
		25B1C5231DEB7E8C00E8D72D /* PreviewTableViewCell.m in Sources */ = {isa = PBXBuildFile; fileRef = 25B1C5211DEB7E8C00E8D72D /* PreviewTableViewCell.m */; };
		25B1C5241DEB7E8C00E8D72D /* PreviewTableViewCell.xib in Resources */ = {isa = PBXBuildFile; fileRef = 25B1C5221DEB7E8C00E8D72D /* PreviewTableViewCell.xib */; };
		25B1C5271DEB919B00E8D72D /* PreviewMapViewController.m in Sources */ = {isa = PBXBuildFile; fileRef = 25B1C5261DEB919B00E8D72D /* PreviewMapViewController.m */; };
		25B1C52C1DEB9D3600E8D72D /* video.mov in Resources */ = {isa = PBXBuildFile; fileRef = 25B1C52B1DEB9D3600E8D72D /* video.mov */; };
		25B1C56E1DEBBAB700E8D72D /* FBLoginViewController.m in Sources */ = {isa = PBXBuildFile; fileRef = 25B1C56D1DEBBAB700E8D72D /* FBLoginViewController.m */; };
		25EAA0B21DEBF6C6003E14F8 /* NewAdsViewController.m in Sources */ = {isa = PBXBuildFile; fileRef = 25EAA0B11DEBF6C6003E14F8 /* NewAdsViewController.m */; };
		25EAA0B81DEC1204003E14F8 /* TabBarController.m in Sources */ = {isa = PBXBuildFile; fileRef = 25EAA0B71DEC1204003E14F8 /* TabBarController.m */; };
		25EAA0BE1DED5F94003E14F8 /* ContainerParentViewController.m in Sources */ = {isa = PBXBuildFile; fileRef = 25EAA0BD1DED5F94003E14F8 /* ContainerParentViewController.m */; };
		25EAA0C11DEDB306003E14F8 /* HealthKit.framework in Frameworks */ = {isa = PBXBuildFile; fileRef = 25EAA0C01DEDB306003E14F8 /* HealthKit.framework */; };
		E7F63866E18ED78EEF1A45F1 /* libPods-GeoAdd.a in Frameworks */ = {isa = PBXBuildFile; fileRef = 006672D1A299D293A6EFC826 /* libPods-GeoAdd.a */; };
/* End PBXBuildFile section */

/* Begin PBXContainerItemProxy section */
		2594FDEC1DDCD005008D676D /* PBXContainerItemProxy */ = {
			isa = PBXContainerItemProxy;
			containerPortal = 2594FDCA1DDCD004008D676D /* Project object */;
			proxyType = 1;
			remoteGlobalIDString = 2594FDD11DDCD004008D676D;
			remoteInfo = GeoAdd;
		};
		2594FDF71DDCD005008D676D /* PBXContainerItemProxy */ = {
			isa = PBXContainerItemProxy;
			containerPortal = 2594FDCA1DDCD004008D676D /* Project object */;
			proxyType = 1;
			remoteGlobalIDString = 2594FDD11DDCD004008D676D;
			remoteInfo = GeoAdd;
		};
/* End PBXContainerItemProxy section */

/* Begin PBXFileReference section */
		006672D1A299D293A6EFC826 /* libPods-GeoAdd.a */ = {isa = PBXFileReference; explicitFileType = archive.ar; includeInIndex = 0; path = "libPods-GeoAdd.a"; sourceTree = BUILT_PRODUCTS_DIR; };
		250067B71DDD14DF0057AEA1 /* WebViewController.h */ = {isa = PBXFileReference; fileEncoding = 4; lastKnownFileType = sourcecode.c.h; path = WebViewController.h; sourceTree = "<group>"; };
		250067B81DDD14DF0057AEA1 /* WebViewController.m */ = {isa = PBXFileReference; fileEncoding = 4; lastKnownFileType = sourcecode.c.objc; path = WebViewController.m; sourceTree = "<group>"; };
		2594FDD21DDCD004008D676D /* GeoAdd.app */ = {isa = PBXFileReference; explicitFileType = wrapper.application; includeInIndex = 0; path = GeoAdd.app; sourceTree = BUILT_PRODUCTS_DIR; };
		2594FDD61DDCD004008D676D /* main.m */ = {isa = PBXFileReference; lastKnownFileType = sourcecode.c.objc; path = main.m; sourceTree = "<group>"; };
		2594FDD81DDCD004008D676D /* AppDelegate.h */ = {isa = PBXFileReference; lastKnownFileType = sourcecode.c.h; path = AppDelegate.h; sourceTree = "<group>"; };
		2594FDD91DDCD004008D676D /* AppDelegate.m */ = {isa = PBXFileReference; lastKnownFileType = sourcecode.c.objc; path = AppDelegate.m; sourceTree = "<group>"; };
		2594FDDB1DDCD004008D676D /* ViewController.h */ = {isa = PBXFileReference; lastKnownFileType = sourcecode.c.h; path = ViewController.h; sourceTree = "<group>"; };
		2594FDDC1DDCD004008D676D /* ViewController.m */ = {isa = PBXFileReference; lastKnownFileType = sourcecode.c.objc; path = ViewController.m; sourceTree = "<group>"; };
		2594FDDF1DDCD004008D676D /* Base */ = {isa = PBXFileReference; lastKnownFileType = file.storyboard; name = Base; path = Base.lproj/Main.storyboard; sourceTree = "<group>"; };
		2594FDE11DDCD004008D676D /* Assets.xcassets */ = {isa = PBXFileReference; lastKnownFileType = folder.assetcatalog; path = Assets.xcassets; sourceTree = "<group>"; };
		2594FDE41DDCD004008D676D /* Base */ = {isa = PBXFileReference; lastKnownFileType = file.storyboard; name = Base; path = Base.lproj/LaunchScreen.storyboard; sourceTree = "<group>"; };
		2594FDE61DDCD004008D676D /* Info.plist */ = {isa = PBXFileReference; lastKnownFileType = text.plist.xml; path = Info.plist; sourceTree = "<group>"; };
		2594FDEB1DDCD005008D676D /* GeoAddTests.xctest */ = {isa = PBXFileReference; explicitFileType = wrapper.cfbundle; includeInIndex = 0; path = GeoAddTests.xctest; sourceTree = BUILT_PRODUCTS_DIR; };
		2594FDEF1DDCD005008D676D /* GeoAddTests.m */ = {isa = PBXFileReference; lastKnownFileType = sourcecode.c.objc; path = GeoAddTests.m; sourceTree = "<group>"; };
		2594FDF11DDCD005008D676D /* Info.plist */ = {isa = PBXFileReference; lastKnownFileType = text.plist.xml; path = Info.plist; sourceTree = "<group>"; };
		2594FDF61DDCD005008D676D /* GeoAddUITests.xctest */ = {isa = PBXFileReference; explicitFileType = wrapper.cfbundle; includeInIndex = 0; path = GeoAddUITests.xctest; sourceTree = BUILT_PRODUCTS_DIR; };
		2594FDFA1DDCD005008D676D /* GeoAddUITests.m */ = {isa = PBXFileReference; lastKnownFileType = sourcecode.c.objc; path = GeoAddUITests.m; sourceTree = "<group>"; };
		2594FDFC1DDCD005008D676D /* Info.plist */ = {isa = PBXFileReference; lastKnownFileType = text.plist.xml; path = Info.plist; sourceTree = "<group>"; };
		2594FE081DDCD2F2008D676D /* SimulateViewController.h */ = {isa = PBXFileReference; fileEncoding = 4; lastKnownFileType = sourcecode.c.h; path = SimulateViewController.h; sourceTree = "<group>"; };
		2594FE091DDCD2F2008D676D /* SimulateViewController.m */ = {isa = PBXFileReference; fileEncoding = 4; lastKnownFileType = sourcecode.c.objc; path = SimulateViewController.m; sourceTree = "<group>"; };
		2594FE0B1DDCD4C5008D676D /* AddDisplayViewController.h */ = {isa = PBXFileReference; fileEncoding = 4; lastKnownFileType = sourcecode.c.h; path = AddDisplayViewController.h; sourceTree = "<group>"; };
		2594FE0C1DDCD4C5008D676D /* AddDisplayViewController.m */ = {isa = PBXFileReference; fileEncoding = 4; lastKnownFileType = sourcecode.c.objc; path = AddDisplayViewController.m; sourceTree = "<group>"; };
		25B1C5151DEB7D8A00E8D72D /* PreviewAdViewController.h */ = {isa = PBXFileReference; fileEncoding = 4; lastKnownFileType = sourcecode.c.h; path = PreviewAdViewController.h; sourceTree = "<group>"; };
		25B1C5161DEB7D8A00E8D72D /* PreviewAdViewController.m */ = {isa = PBXFileReference; fileEncoding = 4; lastKnownFileType = sourcecode.c.objc; path = PreviewAdViewController.m; sourceTree = "<group>"; };
		25B1C5201DEB7E8C00E8D72D /* PreviewTableViewCell.h */ = {isa = PBXFileReference; fileEncoding = 4; lastKnownFileType = sourcecode.c.h; path = PreviewTableViewCell.h; sourceTree = "<group>"; };
		25B1C5211DEB7E8C00E8D72D /* PreviewTableViewCell.m */ = {isa = PBXFileReference; fileEncoding = 4; lastKnownFileType = sourcecode.c.objc; path = PreviewTableViewCell.m; sourceTree = "<group>"; };
		25B1C5221DEB7E8C00E8D72D /* PreviewTableViewCell.xib */ = {isa = PBXFileReference; fileEncoding = 4; lastKnownFileType = file.xib; path = PreviewTableViewCell.xib; sourceTree = "<group>"; };
		25B1C5251DEB919B00E8D72D /* PreviewMapViewController.h */ = {isa = PBXFileReference; fileEncoding = 4; lastKnownFileType = sourcecode.c.h; path = PreviewMapViewController.h; sourceTree = "<group>"; };
		25B1C5261DEB919B00E8D72D /* PreviewMapViewController.m */ = {isa = PBXFileReference; fileEncoding = 4; lastKnownFileType = sourcecode.c.objc; path = PreviewMapViewController.m; sourceTree = "<group>"; };
		25B1C52B1DEB9D3600E8D72D /* video.mov */ = {isa = PBXFileReference; lastKnownFileType = video.quicktime; path = video.mov; sourceTree = "<group>"; };
		25B1C56C1DEBBAB700E8D72D /* FBLoginViewController.h */ = {isa = PBXFileReference; fileEncoding = 4; lastKnownFileType = sourcecode.c.h; path = FBLoginViewController.h; sourceTree = "<group>"; };
		25B1C56D1DEBBAB700E8D72D /* FBLoginViewController.m */ = {isa = PBXFileReference; fileEncoding = 4; lastKnownFileType = sourcecode.c.objc; path = FBLoginViewController.m; sourceTree = "<group>"; };
		25EAA0B01DEBF6C6003E14F8 /* NewAdsViewController.h */ = {isa = PBXFileReference; fileEncoding = 4; lastKnownFileType = sourcecode.c.h; path = NewAdsViewController.h; sourceTree = "<group>"; };
		25EAA0B11DEBF6C6003E14F8 /* NewAdsViewController.m */ = {isa = PBXFileReference; fileEncoding = 4; lastKnownFileType = sourcecode.c.objc; path = NewAdsViewController.m; sourceTree = "<group>"; };
		25EAA0B61DEC1204003E14F8 /* TabBarController.h */ = {isa = PBXFileReference; fileEncoding = 4; lastKnownFileType = sourcecode.c.h; path = TabBarController.h; sourceTree = "<group>"; };
		25EAA0B71DEC1204003E14F8 /* TabBarController.m */ = {isa = PBXFileReference; fileEncoding = 4; lastKnownFileType = sourcecode.c.objc; path = TabBarController.m; sourceTree = "<group>"; };
		25EAA0BC1DED5F94003E14F8 /* ContainerParentViewController.h */ = {isa = PBXFileReference; fileEncoding = 4; lastKnownFileType = sourcecode.c.h; path = ContainerParentViewController.h; sourceTree = "<group>"; };
		25EAA0BD1DED5F94003E14F8 /* ContainerParentViewController.m */ = {isa = PBXFileReference; fileEncoding = 4; lastKnownFileType = sourcecode.c.objc; path = ContainerParentViewController.m; sourceTree = "<group>"; };
		25EAA0BF1DEDB306003E14F8 /* GeoAdd.entitlements */ = {isa = PBXFileReference; lastKnownFileType = text.plist.entitlements; path = GeoAdd.entitlements; sourceTree = "<group>"; };
		25EAA0C01DEDB306003E14F8 /* HealthKit.framework */ = {isa = PBXFileReference; lastKnownFileType = wrapper.framework; name = HealthKit.framework; path = System/Library/Frameworks/HealthKit.framework; sourceTree = SDKROOT; };
		9B6380C88CCF7F315517FA0D /* Pods-GeoAdd.debug.xcconfig */ = {isa = PBXFileReference; includeInIndex = 1; lastKnownFileType = text.xcconfig; name = "Pods-GeoAdd.debug.xcconfig"; path = "Pods/Target Support Files/Pods-GeoAdd/Pods-GeoAdd.debug.xcconfig"; sourceTree = "<group>"; };
		EF15021520179DC3F68B38FF /* Pods-GeoAdd.release.xcconfig */ = {isa = PBXFileReference; includeInIndex = 1; lastKnownFileType = text.xcconfig; name = "Pods-GeoAdd.release.xcconfig"; path = "Pods/Target Support Files/Pods-GeoAdd/Pods-GeoAdd.release.xcconfig"; sourceTree = "<group>"; };
/* End PBXFileReference section */

/* Begin PBXFrameworksBuildPhase section */
		2594FDCF1DDCD004008D676D /* Frameworks */ = {
			isa = PBXFrameworksBuildPhase;
			buildActionMask = 2147483647;
			files = (
				E7F63866E18ED78EEF1A45F1 /* libPods-GeoAdd.a in Frameworks */,
				25EAA0C11DEDB306003E14F8 /* HealthKit.framework in Frameworks */,
			);
			runOnlyForDeploymentPostprocessing = 0;
		};
		2594FDE81DDCD005008D676D /* Frameworks */ = {
			isa = PBXFrameworksBuildPhase;
			buildActionMask = 2147483647;
			files = (
			);
			runOnlyForDeploymentPostprocessing = 0;
		};
		2594FDF31DDCD005008D676D /* Frameworks */ = {
			isa = PBXFrameworksBuildPhase;
			buildActionMask = 2147483647;
			files = (
			);
			runOnlyForDeploymentPostprocessing = 0;
		};
/* End PBXFrameworksBuildPhase section */

/* Begin PBXGroup section */
		075F8E456CDFFDA01A5135AC /* Frameworks */ = {
			isa = PBXGroup;
			children = (
				25EAA0C01DEDB306003E14F8 /* HealthKit.framework */,
				006672D1A299D293A6EFC826 /* libPods-GeoAdd.a */,
			);
			name = Frameworks;
			sourceTree = "<group>";
		};
		2594FDC91DDCD004008D676D = {
			isa = PBXGroup;
			children = (
				2594FDD41DDCD004008D676D /* GeoAdd */,
				2594FDEE1DDCD005008D676D /* GeoAddTests */,
				2594FDF91DDCD005008D676D /* GeoAddUITests */,
				2594FDD31DDCD004008D676D /* Products */,
				E7BD71B672445F70A00F0439 /* Pods */,
				075F8E456CDFFDA01A5135AC /* Frameworks */,
			);
			sourceTree = "<group>";
		};
		2594FDD31DDCD004008D676D /* Products */ = {
			isa = PBXGroup;
			children = (
				2594FDD21DDCD004008D676D /* GeoAdd.app */,
				2594FDEB1DDCD005008D676D /* GeoAddTests.xctest */,
				2594FDF61DDCD005008D676D /* GeoAddUITests.xctest */,
			);
			name = Products;
			sourceTree = "<group>";
		};
		2594FDD41DDCD004008D676D /* GeoAdd */ = {
			isa = PBXGroup;
			children = (
				25EAA0BF1DEDB306003E14F8 /* GeoAdd.entitlements */,
				2594FDD81DDCD004008D676D /* AppDelegate.h */,
				2594FDD91DDCD004008D676D /* AppDelegate.m */,
				2594FDDB1DDCD004008D676D /* ViewController.h */,
				2594FDDC1DDCD004008D676D /* ViewController.m */,
				25B1C5251DEB919B00E8D72D /* PreviewMapViewController.h */,
				25B1C5261DEB919B00E8D72D /* PreviewMapViewController.m */,
				2594FDDE1DDCD004008D676D /* Main.storyboard */,
				25B1C56C1DEBBAB700E8D72D /* FBLoginViewController.h */,
				25B1C56D1DEBBAB700E8D72D /* FBLoginViewController.m */,
				25B1C5151DEB7D8A00E8D72D /* PreviewAdViewController.h */,
				25B1C5161DEB7D8A00E8D72D /* PreviewAdViewController.m */,
				250067B71DDD14DF0057AEA1 /* WebViewController.h */,
				250067B81DDD14DF0057AEA1 /* WebViewController.m */,
				2594FE081DDCD2F2008D676D /* SimulateViewController.h */,
				2594FE091DDCD2F2008D676D /* SimulateViewController.m */,
				2594FE0B1DDCD4C5008D676D /* AddDisplayViewController.h */,
				2594FE0C1DDCD4C5008D676D /* AddDisplayViewController.m */,
				25EAA0B01DEBF6C6003E14F8 /* NewAdsViewController.h */,
				25EAA0B11DEBF6C6003E14F8 /* NewAdsViewController.m */,
				2594FDE11DDCD004008D676D /* Assets.xcassets */,
				2594FDE31DDCD004008D676D /* LaunchScreen.storyboard */,
				2594FDE61DDCD004008D676D /* Info.plist */,
				2594FDD51DDCD004008D676D /* Supporting Files */,
				25B1C5201DEB7E8C00E8D72D /* PreviewTableViewCell.h */,
				25B1C5211DEB7E8C00E8D72D /* PreviewTableViewCell.m */,
				25B1C5221DEB7E8C00E8D72D /* PreviewTableViewCell.xib */,
				25B1C52B1DEB9D3600E8D72D /* video.mov */,
				25EAA0B61DEC1204003E14F8 /* TabBarController.h */,
				25EAA0B71DEC1204003E14F8 /* TabBarController.m */,
				25EAA0BC1DED5F94003E14F8 /* ContainerParentViewController.h */,
				25EAA0BD1DED5F94003E14F8 /* ContainerParentViewController.m */,
			);
			path = GeoAdd;
			sourceTree = "<group>";
		};
		2594FDD51DDCD004008D676D /* Supporting Files */ = {
			isa = PBXGroup;
			children = (
				2594FDD61DDCD004008D676D /* main.m */,
			);
			name = "Supporting Files";
			sourceTree = "<group>";
		};
		2594FDEE1DDCD005008D676D /* GeoAddTests */ = {
			isa = PBXGroup;
			children = (
				2594FDEF1DDCD005008D676D /* GeoAddTests.m */,
				2594FDF11DDCD005008D676D /* Info.plist */,
			);
			path = GeoAddTests;
			sourceTree = "<group>";
		};
		2594FDF91DDCD005008D676D /* GeoAddUITests */ = {
			isa = PBXGroup;
			children = (
				2594FDFA1DDCD005008D676D /* GeoAddUITests.m */,
				2594FDFC1DDCD005008D676D /* Info.plist */,
			);
			path = GeoAddUITests;
			sourceTree = "<group>";
		};
		E7BD71B672445F70A00F0439 /* Pods */ = {
			isa = PBXGroup;
			children = (
				9B6380C88CCF7F315517FA0D /* Pods-GeoAdd.debug.xcconfig */,
				EF15021520179DC3F68B38FF /* Pods-GeoAdd.release.xcconfig */,
			);
			name = Pods;
			sourceTree = "<group>";
		};
/* End PBXGroup section */

/* Begin PBXNativeTarget section */
		2594FDD11DDCD004008D676D /* GeoAdd */ = {
			isa = PBXNativeTarget;
			buildConfigurationList = 2594FDFF1DDCD005008D676D /* Build configuration list for PBXNativeTarget "GeoAdd" */;
			buildPhases = (
				72A17E1EA939EF1E4C23717C /* [CP] Check Pods Manifest.lock */,
				2594FDCE1DDCD004008D676D /* Sources */,
				2594FDCF1DDCD004008D676D /* Frameworks */,
				2594FDD01DDCD004008D676D /* Resources */,
				5A18E6A267A0EFC8DCF660A4 /* [CP] Embed Pods Frameworks */,
				0583F3617C3C9246990C4AC0 /* [CP] Copy Pods Resources */,
			);
			buildRules = (
			);
			dependencies = (
			);
			name = GeoAdd;
			productName = GeoAdd;
			productReference = 2594FDD21DDCD004008D676D /* GeoAdd.app */;
			productType = "com.apple.product-type.application";
		};
		2594FDEA1DDCD005008D676D /* GeoAddTests */ = {
			isa = PBXNativeTarget;
			buildConfigurationList = 2594FE021DDCD005008D676D /* Build configuration list for PBXNativeTarget "GeoAddTests" */;
			buildPhases = (
				2594FDE71DDCD005008D676D /* Sources */,
				2594FDE81DDCD005008D676D /* Frameworks */,
				2594FDE91DDCD005008D676D /* Resources */,
			);
			buildRules = (
			);
			dependencies = (
				2594FDED1DDCD005008D676D /* PBXTargetDependency */,
			);
			name = GeoAddTests;
			productName = GeoAddTests;
			productReference = 2594FDEB1DDCD005008D676D /* GeoAddTests.xctest */;
			productType = "com.apple.product-type.bundle.unit-test";
		};
		2594FDF51DDCD005008D676D /* GeoAddUITests */ = {
			isa = PBXNativeTarget;
			buildConfigurationList = 2594FE051DDCD005008D676D /* Build configuration list for PBXNativeTarget "GeoAddUITests" */;
			buildPhases = (
				2594FDF21DDCD005008D676D /* Sources */,
				2594FDF31DDCD005008D676D /* Frameworks */,
				2594FDF41DDCD005008D676D /* Resources */,
			);
			buildRules = (
			);
			dependencies = (
				2594FDF81DDCD005008D676D /* PBXTargetDependency */,
			);
			name = GeoAddUITests;
			productName = GeoAddUITests;
			productReference = 2594FDF61DDCD005008D676D /* GeoAddUITests.xctest */;
			productType = "com.apple.product-type.bundle.ui-testing";
		};
/* End PBXNativeTarget section */

/* Begin PBXProject section */
		2594FDCA1DDCD004008D676D /* Project object */ = {
			isa = PBXProject;
			attributes = {
				LastUpgradeCheck = 0810;
				ORGANIZATIONNAME = "Karthik Rao";
				TargetAttributes = {
					2594FDD11DDCD004008D676D = {
						CreatedOnToolsVersion = 8.1;
						DevelopmentTeam = 9FF7FT82GC;
						ProvisioningStyle = Automatic;
						SystemCapabilities = {
							com.apple.HealthKit = {
								enabled = 1;
							};
						};
					};
					2594FDEA1DDCD005008D676D = {
						CreatedOnToolsVersion = 8.1;
						DevelopmentTeam = 9FF7FT82GC;
						ProvisioningStyle = Automatic;
						TestTargetID = 2594FDD11DDCD004008D676D;
					};
					2594FDF51DDCD005008D676D = {
						CreatedOnToolsVersion = 8.1;
						DevelopmentTeam = 9FF7FT82GC;
						ProvisioningStyle = Automatic;
						TestTargetID = 2594FDD11DDCD004008D676D;
					};
				};
			};
			buildConfigurationList = 2594FDCD1DDCD004008D676D /* Build configuration list for PBXProject "GeoAdd" */;
			compatibilityVersion = "Xcode 3.2";
			developmentRegion = English;
			hasScannedForEncodings = 0;
			knownRegions = (
				en,
				Base,
			);
			mainGroup = 2594FDC91DDCD004008D676D;
			productRefGroup = 2594FDD31DDCD004008D676D /* Products */;
			projectDirPath = "";
			projectRoot = "";
			targets = (
				2594FDD11DDCD004008D676D /* GeoAdd */,
				2594FDEA1DDCD005008D676D /* GeoAddTests */,
				2594FDF51DDCD005008D676D /* GeoAddUITests */,
			);
		};
/* End PBXProject section */

/* Begin PBXResourcesBuildPhase section */
		2594FDD01DDCD004008D676D /* Resources */ = {
			isa = PBXResourcesBuildPhase;
			buildActionMask = 2147483647;
			files = (
				2594FDE51DDCD004008D676D /* LaunchScreen.storyboard in Resources */,
				2594FDE21DDCD004008D676D /* Assets.xcassets in Resources */,
				25B1C5241DEB7E8C00E8D72D /* PreviewTableViewCell.xib in Resources */,
				25B1C52C1DEB9D3600E8D72D /* video.mov in Resources */,
				2594FDE01DDCD004008D676D /* Main.storyboard in Resources */,
			);
			runOnlyForDeploymentPostprocessing = 0;
		};
		2594FDE91DDCD005008D676D /* Resources */ = {
			isa = PBXResourcesBuildPhase;
			buildActionMask = 2147483647;
			files = (
			);
			runOnlyForDeploymentPostprocessing = 0;
		};
		2594FDF41DDCD005008D676D /* Resources */ = {
			isa = PBXResourcesBuildPhase;
			buildActionMask = 2147483647;
			files = (
			);
			runOnlyForDeploymentPostprocessing = 0;
		};
/* End PBXResourcesBuildPhase section */

/* Begin PBXShellScriptBuildPhase section */
		0583F3617C3C9246990C4AC0 /* [CP] Copy Pods Resources */ = {
			isa = PBXShellScriptBuildPhase;
			buildActionMask = 2147483647;
			files = (
			);
			inputPaths = (
			);
			name = "[CP] Copy Pods Resources";
			outputPaths = (
			);
			runOnlyForDeploymentPostprocessing = 0;
			shellPath = /bin/sh;
			shellScript = "\"${SRCROOT}/Pods/Target Support Files/Pods-GeoAdd/Pods-GeoAdd-resources.sh\"\n";
			showEnvVarsInLog = 0;
		};
		5A18E6A267A0EFC8DCF660A4 /* [CP] Embed Pods Frameworks */ = {
			isa = PBXShellScriptBuildPhase;
			buildActionMask = 2147483647;
			files = (
			);
			inputPaths = (
			);
			name = "[CP] Embed Pods Frameworks";
			outputPaths = (
			);
			runOnlyForDeploymentPostprocessing = 0;
			shellPath = /bin/sh;
			shellScript = "\"${SRCROOT}/Pods/Target Support Files/Pods-GeoAdd/Pods-GeoAdd-frameworks.sh\"\n";
			showEnvVarsInLog = 0;
		};
		72A17E1EA939EF1E4C23717C /* [CP] Check Pods Manifest.lock */ = {
			isa = PBXShellScriptBuildPhase;
			buildActionMask = 2147483647;
			files = (
			);
			inputPaths = (
			);
			name = "[CP] Check Pods Manifest.lock";
			outputPaths = (
			);
			runOnlyForDeploymentPostprocessing = 0;
			shellPath = /bin/sh;
			shellScript = "diff \"${PODS_ROOT}/../Podfile.lock\" \"${PODS_ROOT}/Manifest.lock\" > /dev/null\nif [ $? != 0 ] ; then\n    # print error to STDERR\n    echo \"error: The sandbox is not in sync with the Podfile.lock. Run 'pod install' or update your CocoaPods installation.\" >&2\n    exit 1\nfi\n";
			showEnvVarsInLog = 0;
		};
/* End PBXShellScriptBuildPhase section */

/* Begin PBXSourcesBuildPhase section */
		2594FDCE1DDCD004008D676D /* Sources */ = {
			isa = PBXSourcesBuildPhase;
			buildActionMask = 2147483647;
			files = (
				2594FE0D1DDCD4C5008D676D /* AddDisplayViewController.m in Sources */,
				250067B91DDD14DF0057AEA1 /* WebViewController.m in Sources */,
				2594FDDD1DDCD004008D676D /* ViewController.m in Sources */,
				25EAA0B21DEBF6C6003E14F8 /* NewAdsViewController.m in Sources */,
				2594FDDA1DDCD004008D676D /* AppDelegate.m in Sources */,
				25B1C56E1DEBBAB700E8D72D /* FBLoginViewController.m in Sources */,
				25B1C5171DEB7D8A00E8D72D /* PreviewAdViewController.m in Sources */,
				2594FE0A1DDCD2F2008D676D /* SimulateViewController.m in Sources */,
				25B1C5231DEB7E8C00E8D72D /* PreviewTableViewCell.m in Sources */,
				25EAA0B81DEC1204003E14F8 /* TabBarController.m in Sources */,
				2594FDD71DDCD004008D676D /* main.m in Sources */,
				25B1C5271DEB919B00E8D72D /* PreviewMapViewController.m in Sources */,
				25EAA0BE1DED5F94003E14F8 /* ContainerParentViewController.m in Sources */,
			);
			runOnlyForDeploymentPostprocessing = 0;
		};
		2594FDE71DDCD005008D676D /* Sources */ = {
			isa = PBXSourcesBuildPhase;
			buildActionMask = 2147483647;
			files = (
				2594FDF01DDCD005008D676D /* GeoAddTests.m in Sources */,
			);
			runOnlyForDeploymentPostprocessing = 0;
		};
		2594FDF21DDCD005008D676D /* Sources */ = {
			isa = PBXSourcesBuildPhase;
			buildActionMask = 2147483647;
			files = (
				2594FDFB1DDCD005008D676D /* GeoAddUITests.m in Sources */,
			);
			runOnlyForDeploymentPostprocessing = 0;
		};
/* End PBXSourcesBuildPhase section */

/* Begin PBXTargetDependency section */
		2594FDED1DDCD005008D676D /* PBXTargetDependency */ = {
			isa = PBXTargetDependency;
			target = 2594FDD11DDCD004008D676D /* GeoAdd */;
			targetProxy = 2594FDEC1DDCD005008D676D /* PBXContainerItemProxy */;
		};
		2594FDF81DDCD005008D676D /* PBXTargetDependency */ = {
			isa = PBXTargetDependency;
			target = 2594FDD11DDCD004008D676D /* GeoAdd */;
			targetProxy = 2594FDF71DDCD005008D676D /* PBXContainerItemProxy */;
		};
/* End PBXTargetDependency section */

/* Begin PBXVariantGroup section */
		2594FDDE1DDCD004008D676D /* Main.storyboard */ = {
			isa = PBXVariantGroup;
			children = (
				2594FDDF1DDCD004008D676D /* Base */,
			);
			name = Main.storyboard;
			sourceTree = "<group>";
		};
		2594FDE31DDCD004008D676D /* LaunchScreen.storyboard */ = {
			isa = PBXVariantGroup;
			children = (
				2594FDE41DDCD004008D676D /* Base */,
			);
			name = LaunchScreen.storyboard;
			sourceTree = "<group>";
		};
/* End PBXVariantGroup section */

/* Begin XCBuildConfiguration section */
		2594FDFD1DDCD005008D676D /* Debug */ = {
			isa = XCBuildConfiguration;
			buildSettings = {
				ALWAYS_SEARCH_USER_PATHS = NO;
				CLANG_ANALYZER_NONNULL = YES;
				CLANG_CXX_LANGUAGE_STANDARD = "gnu++0x";
				CLANG_CXX_LIBRARY = "libc++";
				CLANG_ENABLE_MODULES = YES;
				CLANG_ENABLE_OBJC_ARC = YES;
				CLANG_WARN_BOOL_CONVERSION = YES;
				CLANG_WARN_CONSTANT_CONVERSION = YES;
				CLANG_WARN_DIRECT_OBJC_ISA_USAGE = YES_ERROR;
				CLANG_WARN_DOCUMENTATION_COMMENTS = YES;
				CLANG_WARN_EMPTY_BODY = YES;
				CLANG_WARN_ENUM_CONVERSION = YES;
				CLANG_WARN_INFINITE_RECURSION = YES;
				CLANG_WARN_INT_CONVERSION = YES;
				CLANG_WARN_OBJC_ROOT_CLASS = YES_ERROR;
				CLANG_WARN_SUSPICIOUS_MOVES = YES;
				CLANG_WARN_UNREACHABLE_CODE = YES;
				CLANG_WARN__DUPLICATE_METHOD_MATCH = YES;
				"CODE_SIGN_IDENTITY[sdk=iphoneos*]" = "iPhone Developer";
				COPY_PHASE_STRIP = NO;
				DEBUG_INFORMATION_FORMAT = dwarf;
				ENABLE_STRICT_OBJC_MSGSEND = YES;
				ENABLE_TESTABILITY = YES;
				GCC_C_LANGUAGE_STANDARD = gnu99;
				GCC_DYNAMIC_NO_PIC = NO;
				GCC_NO_COMMON_BLOCKS = YES;
				GCC_OPTIMIZATION_LEVEL = 0;
				GCC_PREPROCESSOR_DEFINITIONS = (
					"DEBUG=1",
					"$(inherited)",
				);
				GCC_WARN_64_TO_32_BIT_CONVERSION = YES;
				GCC_WARN_ABOUT_RETURN_TYPE = YES_ERROR;
				GCC_WARN_UNDECLARED_SELECTOR = YES;
				GCC_WARN_UNINITIALIZED_AUTOS = YES_AGGRESSIVE;
				GCC_WARN_UNUSED_FUNCTION = YES;
				GCC_WARN_UNUSED_VARIABLE = YES;
				IPHONEOS_DEPLOYMENT_TARGET = 10.1;
				MTL_ENABLE_DEBUG_INFO = YES;
				ONLY_ACTIVE_ARCH = YES;
				SDKROOT = iphoneos;
				TARGETED_DEVICE_FAMILY = "1,2";
			};
			name = Debug;
		};
		2594FDFE1DDCD005008D676D /* Release */ = {
			isa = XCBuildConfiguration;
			buildSettings = {
				ALWAYS_SEARCH_USER_PATHS = NO;
				CLANG_ANALYZER_NONNULL = YES;
				CLANG_CXX_LANGUAGE_STANDARD = "gnu++0x";
				CLANG_CXX_LIBRARY = "libc++";
				CLANG_ENABLE_MODULES = YES;
				CLANG_ENABLE_OBJC_ARC = YES;
				CLANG_WARN_BOOL_CONVERSION = YES;
				CLANG_WARN_CONSTANT_CONVERSION = YES;
				CLANG_WARN_DIRECT_OBJC_ISA_USAGE = YES_ERROR;
				CLANG_WARN_DOCUMENTATION_COMMENTS = YES;
				CLANG_WARN_EMPTY_BODY = YES;
				CLANG_WARN_ENUM_CONVERSION = YES;
				CLANG_WARN_INFINITE_RECURSION = YES;
				CLANG_WARN_INT_CONVERSION = YES;
				CLANG_WARN_OBJC_ROOT_CLASS = YES_ERROR;
				CLANG_WARN_SUSPICIOUS_MOVES = YES;
				CLANG_WARN_UNREACHABLE_CODE = YES;
				CLANG_WARN__DUPLICATE_METHOD_MATCH = YES;
				"CODE_SIGN_IDENTITY[sdk=iphoneos*]" = "iPhone Developer";
				COPY_PHASE_STRIP = NO;
				DEBUG_INFORMATION_FORMAT = "dwarf-with-dsym";
				ENABLE_NS_ASSERTIONS = NO;
				ENABLE_STRICT_OBJC_MSGSEND = YES;
				GCC_C_LANGUAGE_STANDARD = gnu99;
				GCC_NO_COMMON_BLOCKS = YES;
				GCC_WARN_64_TO_32_BIT_CONVERSION = YES;
				GCC_WARN_ABOUT_RETURN_TYPE = YES_ERROR;
				GCC_WARN_UNDECLARED_SELECTOR = YES;
				GCC_WARN_UNINITIALIZED_AUTOS = YES_AGGRESSIVE;
				GCC_WARN_UNUSED_FUNCTION = YES;
				GCC_WARN_UNUSED_VARIABLE = YES;
				IPHONEOS_DEPLOYMENT_TARGET = 10.1;
				MTL_ENABLE_DEBUG_INFO = NO;
				SDKROOT = iphoneos;
				TARGETED_DEVICE_FAMILY = "1,2";
				VALIDATE_PRODUCT = YES;
			};
			name = Release;
		};
		2594FE001DDCD005008D676D /* Debug */ = {
			isa = XCBuildConfiguration;
			baseConfigurationReference = 9B6380C88CCF7F315517FA0D /* Pods-GeoAdd.debug.xcconfig */;
			buildSettings = {
				ASSETCATALOG_COMPILER_APPICON_NAME = AppIcon;
				CODE_SIGN_ENTITLEMENTS = GeoAdd/GeoAdd.entitlements;
				DEVELOPMENT_TEAM = 9FF7FT82GC;
				INFOPLIST_FILE = GeoAdd/Info.plist;
				IPHONEOS_DEPLOYMENT_TARGET = 9.3;
				LD_RUNPATH_SEARCH_PATHS = "$(inherited) @executable_path/Frameworks";
				PRODUCT_BUNDLE_IDENTIFIER = com.karthikravindrarao.GeoAdd;
				PRODUCT_NAME = "$(TARGET_NAME)";
			};
			name = Debug;
		};
		2594FE011DDCD005008D676D /* Release */ = {
			isa = XCBuildConfiguration;
			baseConfigurationReference = EF15021520179DC3F68B38FF /* Pods-GeoAdd.release.xcconfig */;
			buildSettings = {
				ASSETCATALOG_COMPILER_APPICON_NAME = AppIcon;
				CODE_SIGN_ENTITLEMENTS = GeoAdd/GeoAdd.entitlements;
				DEVELOPMENT_TEAM = 9FF7FT82GC;
				INFOPLIST_FILE = GeoAdd/Info.plist;
				IPHONEOS_DEPLOYMENT_TARGET = 9.3;
				LD_RUNPATH_SEARCH_PATHS = "$(inherited) @executable_path/Frameworks";
				PRODUCT_BUNDLE_IDENTIFIER = com.karthikravindrarao.GeoAdd;
				PRODUCT_NAME = "$(TARGET_NAME)";
			};
			name = Release;
		};
		2594FE031DDCD005008D676D /* Debug */ = {
			isa = XCBuildConfiguration;
			buildSettings = {
				BUNDLE_LOADER = "$(TEST_HOST)";
				DEVELOPMENT_TEAM = 9FF7FT82GC;
				INFOPLIST_FILE = GeoAddTests/Info.plist;
				LD_RUNPATH_SEARCH_PATHS = "$(inherited) @executable_path/Frameworks @loader_path/Frameworks";
				PRODUCT_BUNDLE_IDENTIFIER = com.karthikravindrarao.GeoAddTests;
				PRODUCT_NAME = "$(TARGET_NAME)";
				TEST_HOST = "$(BUILT_PRODUCTS_DIR)/GeoAdd.app/GeoAdd";
			};
			name = Debug;
		};
		2594FE041DDCD005008D676D /* Release */ = {
			isa = XCBuildConfiguration;
			buildSettings = {
				BUNDLE_LOADER = "$(TEST_HOST)";
				DEVELOPMENT_TEAM = 9FF7FT82GC;
				INFOPLIST_FILE = GeoAddTests/Info.plist;
				LD_RUNPATH_SEARCH_PATHS = "$(inherited) @executable_path/Frameworks @loader_path/Frameworks";
				PRODUCT_BUNDLE_IDENTIFIER = com.karthikravindrarao.GeoAddTests;
				PRODUCT_NAME = "$(TARGET_NAME)";
				TEST_HOST = "$(BUILT_PRODUCTS_DIR)/GeoAdd.app/GeoAdd";
			};
			name = Release;
		};
		2594FE061DDCD005008D676D /* Debug */ = {
			isa = XCBuildConfiguration;
			buildSettings = {
				DEVELOPMENT_TEAM = 9FF7FT82GC;
				INFOPLIST_FILE = GeoAddUITests/Info.plist;
				LD_RUNPATH_SEARCH_PATHS = "$(inherited) @executable_path/Frameworks @loader_path/Frameworks";
				PRODUCT_BUNDLE_IDENTIFIER = com.karthikravindrarao.GeoAddUITests;
				PRODUCT_NAME = "$(TARGET_NAME)";
				TEST_TARGET_NAME = GeoAdd;
			};
			name = Debug;
		};
		2594FE071DDCD005008D676D /* Release */ = {
			isa = XCBuildConfiguration;
			buildSettings = {
				DEVELOPMENT_TEAM = 9FF7FT82GC;
				INFOPLIST_FILE = GeoAddUITests/Info.plist;
				LD_RUNPATH_SEARCH_PATHS = "$(inherited) @executable_path/Frameworks @loader_path/Frameworks";
				PRODUCT_BUNDLE_IDENTIFIER = com.karthikravindrarao.GeoAddUITests;
				PRODUCT_NAME = "$(TARGET_NAME)";
				TEST_TARGET_NAME = GeoAdd;
			};
			name = Release;
		};
/* End XCBuildConfiguration section */

/* Begin XCConfigurationList section */
		2594FDCD1DDCD004008D676D /* Build configuration list for PBXProject "GeoAdd" */ = {
			isa = XCConfigurationList;
			buildConfigurations = (
				2594FDFD1DDCD005008D676D /* Debug */,
				2594FDFE1DDCD005008D676D /* Release */,
			);
			defaultConfigurationIsVisible = 0;
			defaultConfigurationName = Release;
		};
		2594FDFF1DDCD005008D676D /* Build configuration list for PBXNativeTarget "GeoAdd" */ = {
			isa = XCConfigurationList;
			buildConfigurations = (
				2594FE001DDCD005008D676D /* Debug */,
				2594FE011DDCD005008D676D /* Release */,
			);
			defaultConfigurationIsVisible = 0;
			defaultConfigurationName = Release;
		};
		2594FE021DDCD005008D676D /* Build configuration list for PBXNativeTarget "GeoAddTests" */ = {
			isa = XCConfigurationList;
			buildConfigurations = (
				2594FE031DDCD005008D676D /* Debug */,
				2594FE041DDCD005008D676D /* Release */,
			);
			defaultConfigurationIsVisible = 0;
			defaultConfigurationName = Release;
		};
		2594FE051DDCD005008D676D /* Build configuration list for PBXNativeTarget "GeoAddUITests" */ = {
			isa = XCConfigurationList;
			buildConfigurations = (
				2594FE061DDCD005008D676D /* Debug */,
				2594FE071DDCD005008D676D /* Release */,
			);
			defaultConfigurationIsVisible = 0;
			defaultConfigurationName = Release;
		};
/* End XCConfigurationList section */
	};
	rootObject = 2594FDCA1DDCD004008D676D /* Project object */;
}
